<?xml version="1.0" encoding="utf-8"?>
<Project ToolsVersion="4.0" xmlns="http://schemas.microsoft.com/developer/msbuild/2003">
  <ItemGroup>
    <Filter Include="Source"/>
    <Filter Include="Source\Challenges"/>
    <Filter Include="Source\Challenges\Common"/>
    <Filter Include="Source\Generated"/>
    <Filter Include="Source\Helpers"/>
  </ItemGroup>
  <ItemGroup>
    <ClCompile Include="Source\AdventOfCode.cpp">
      <Filter>Source</Filter>
    </ClCompile>
    <ClCompile Include="Source\Challenges\Challenge_N.cpp">
      <Filter>Source\Challenges</Filter>
    </ClCompile>
    <ClCompile Include="Source\Challenges\Common\Challenge.cpp">
      <Filter>Source\Challenges\Common</Filter>
    </ClCompile>
    <ClCompile Include="Source\Helpers\FileHelpers.cpp">
      <Filter>Source\Helpers</Filter>
    </ClCompile>
  </ItemGroup>
  <ItemGroup>
    <ClInclude Include="Source\Challenges\Challenge_N.h">
      <Filter>Source\Challenges</Filter>
    </ClInclude>
    <ClInclude Include="Source\Challenges\Common\Challenge.h">
      <Filter>Source\Challenges\Common</Filter>
    </ClInclude>
    <ClInclude Include="Source\CommonDefinitions.h">
      <Filter>Source</Filter>
    </ClInclude>
    <ClInclude Include="Source\Generated\GeneratedDefinitions.h">
      <Filter>Source\Generated</Filter>
    </ClInclude>
    <ClInclude Include="Source\Helpers\FileHelpers.h">
      <Filter>Source\Helpers</Filter>
    </ClInclude>
  </ItemGroup>
</Project>